
Microsoft Visual Studio Solution File, Format Version 12.00
# Visual Studio Version 16
VisualStudioVersion = 25.0.1703.0
MinimumVisualStudioVersion = 10.0.40219.1
Project("{FAE04EC0-301F-11D3-BF4B-00C04F79EFBC}") = "Sharpnado.Maui.TaskLoaderView", "Sharpnado.Maui.TaskLoaderView.csproj", "{73292352-5125-48FE-93C2-F5F41D86B4FE}"
EndProject
Global
	GlobalSection(SolutionConfigurationPlatforms) = preSolution
		Debug|Any CPU = Debug|Any CPU
		Release|Any CPU = Release|Any CPU
	EndGlobalSection
	GlobalSection(ProjectConfigurationPlatforms) = postSolution
		{73292352-5125-48FE-93C2-F5F41D86B4FE}.Debug|Any CPU.ActiveCfg = Debug|Any CPU
		{73292352-5125-48FE-93C2-F5F41D86B4FE}.Debug|Any CPU.Build.0 = Debug|Any CPU
		{73292352-5125-48FE-93C2-F5F41D86B4FE}.Release|Any CPU.ActiveCfg = Release|Any CPU
		{73292352-5125-48FE-93C2-F5F41D86B4FE}.Release|Any CPU.Build.0 = Release|Any CPU
	EndGlobalSection
	GlobalSection(SolutionProperties) = preSolution
		HideSolutionNode = FALSE
	EndGlobalSection
	GlobalSection(ExtensibilityGlobals) = postSolution
		SolutionGuid = {42A83124-7473-4AC2-B0D0-CA8C2961F22E}
	EndGlobalSection
EndGlobal
