
Microsoft Visual Studio Solution File, Format Version 12.00
# Visual Studio Version 16
VisualStudioVersion = 16.0.29503.13
MinimumVisualStudioVersion = 10.0.40219.1
Project("{FAE04EC0-301F-11D3-BF4B-00C04F79EFBC}") = "Sample.UWP", "Sample.UWP\Sample.UWP.csproj", "{7662635A-F891-4683-B5CA-898566EE054F}"
EndProject
Project("{FAE04EC0-301F-11D3-BF4B-00C04F79EFBC}") = "Sample.Android", "Sample.Android\Sample.Android.csproj", "{1A837911-1DCD-486A-B7D2-42492F6FF98A}"
EndProject
Project("{FAE04EC0-301F-11D3-BF4B-00C04F79EFBC}") = "Sample.iOS", "Sample.iOS\Sample.iOS.csproj", "{6A376B69-0C7B-4166-AD88-661F62212C57}"
EndProject
Project("{9A19103F-16F7-4668-BE54-9A1E7A4F7556}") = "Sample", "Sample\Sample.csproj", "{87D8E2F9-619B-4D8B-AD01-08C988FB8270}"
EndProject
Project("{9A19103F-16F7-4668-BE54-9A1E7A4F7556}") = "Sharpnado.TaskLoaderView", "..\Sharpnado.TaskLoaderView\Sharpnado.TaskLoaderView.csproj", "{C6B4AE22-2A03-4856-95E0-73A802970B37}"
EndProject
Project("{2150E333-8FDC-42A3-9474-1A3956D46DE8}") = "Configuration", "Configuration", "{1776A6D1-361F-4519-9978-AB7D370760F5}"
	ProjectSection(SolutionItems) = preProject
		..\README.md = ..\README.md
	EndProjectSection
EndProject
Global
	GlobalSection(SolutionConfigurationPlatforms) = preSolution
		Debug|Any CPU = Debug|Any CPU
		Debug|ARM = Debug|ARM
		Debug|iPhone = Debug|iPhone
		Debug|iPhoneSimulator = Debug|iPhoneSimulator
		Debug|x64 = Debug|x64
		Debug|x86 = Debug|x86
		Release|Any CPU = Release|Any CPU
		Release|ARM = Release|ARM
		Release|iPhone = Release|iPhone
		Release|iPhoneSimulator = Release|iPhoneSimulator
		Release|x64 = Release|x64
		Release|x86 = Release|x86
	EndGlobalSection
	GlobalSection(ProjectConfigurationPlatforms) = postSolution
		{7662635A-F891-4683-B5CA-898566EE054F}.Debug|Any CPU.ActiveCfg = Debug|x86
		{7662635A-F891-4683-B5CA-898566EE054F}.Debug|Any CPU.Build.0 = Debug|x86
		{7662635A-F891-4683-B5CA-898566EE054F}.Debug|Any CPU.Deploy.0 = Debug|x86
		{7662635A-F891-4683-B5CA-898566EE054F}.Debug|ARM.ActiveCfg = Debug|ARM
		{7662635A-F891-4683-B5CA-898566EE054F}.Debug|ARM.Build.0 = Debug|ARM
		{7662635A-F891-4683-B5CA-898566EE054F}.Debug|ARM.Deploy.0 = Debug|ARM
		{7662635A-F891-4683-B5CA-898566EE054F}.Debug|iPhone.ActiveCfg = Debug|x86
		{7662635A-F891-4683-B5CA-898566EE054F}.Debug|iPhone.Build.0 = Debug|x86
		{7662635A-F891-4683-B5CA-898566EE054F}.Debug|iPhone.Deploy.0 = Debug|x86
		{7662635A-F891-4683-B5CA-898566EE054F}.Debug|iPhoneSimulator.ActiveCfg = Debug|x86
		{7662635A-F891-4683-B5CA-898566EE054F}.Debug|iPhoneSimulator.Build.0 = Debug|x86
		{7662635A-F891-4683-B5CA-898566EE054F}.Debug|iPhoneSimulator.Deploy.0 = Debug|x86
		{7662635A-F891-4683-B5CA-898566EE054F}.Debug|x64.ActiveCfg = Debug|x64
		{7662635A-F891-4683-B5CA-898566EE054F}.Debug|x64.Build.0 = Debug|x64
		{7662635A-F891-4683-B5CA-898566EE054F}.Debug|x64.Deploy.0 = Debug|x64
		{7662635A-F891-4683-B5CA-898566EE054F}.Debug|x86.ActiveCfg = Debug|x86
		{7662635A-F891-4683-B5CA-898566EE054F}.Debug|x86.Build.0 = Debug|x86
		{7662635A-F891-4683-B5CA-898566EE054F}.Debug|x86.Deploy.0 = Debug|x86
		{7662635A-F891-4683-B5CA-898566EE054F}.Release|Any CPU.ActiveCfg = Release|x86
		{7662635A-F891-4683-B5CA-898566EE054F}.Release|Any CPU.Build.0 = Release|x86
		{7662635A-F891-4683-B5CA-898566EE054F}.Release|Any CPU.Deploy.0 = Release|x86
		{7662635A-F891-4683-B5CA-898566EE054F}.Release|ARM.ActiveCfg = Release|ARM
		{7662635A-F891-4683-B5CA-898566EE054F}.Release|ARM.Build.0 = Release|ARM
		{7662635A-F891-4683-B5CA-898566EE054F}.Release|ARM.Deploy.0 = Release|ARM
		{7662635A-F891-4683-B5CA-898566EE054F}.Release|iPhone.ActiveCfg = Release|x86
		{7662635A-F891-4683-B5CA-898566EE054F}.Release|iPhone.Build.0 = Release|x86
		{7662635A-F891-4683-B5CA-898566EE054F}.Release|iPhone.Deploy.0 = Release|x86
		{7662635A-F891-4683-B5CA-898566EE054F}.Release|iPhoneSimulator.ActiveCfg = Release|x86
		{7662635A-F891-4683-B5CA-898566EE054F}.Release|iPhoneSimulator.Build.0 = Release|x86
		{7662635A-F891-4683-B5CA-898566EE054F}.Release|iPhoneSimulator.Deploy.0 = Release|x86
		{7662635A-F891-4683-B5CA-898566EE054F}.Release|x64.ActiveCfg = Release|x64
		{7662635A-F891-4683-B5CA-898566EE054F}.Release|x64.Build.0 = Release|x64
		{7662635A-F891-4683-B5CA-898566EE054F}.Release|x64.Deploy.0 = Release|x64
		{7662635A-F891-4683-B5CA-898566EE054F}.Release|x86.ActiveCfg = Release|x86
		{7662635A-F891-4683-B5CA-898566EE054F}.Release|x86.Build.0 = Release|x86
		{7662635A-F891-4683-B5CA-898566EE054F}.Release|x86.Deploy.0 = Release|x86
		{1A837911-1DCD-486A-B7D2-42492F6FF98A}.Debug|Any CPU.ActiveCfg = Debug|Any CPU
		{1A837911-1DCD-486A-B7D2-42492F6FF98A}.Debug|Any CPU.Build.0 = Debug|Any CPU
		{1A837911-1DCD-486A-B7D2-42492F6FF98A}.Debug|Any CPU.Deploy.0 = Debug|Any CPU
		{1A837911-1DCD-486A-B7D2-42492F6FF98A}.Debug|ARM.ActiveCfg = Debug|Any CPU
		{1A837911-1DCD-486A-B7D2-42492F6FF98A}.Debug|ARM.Build.0 = Debug|Any CPU
		{1A837911-1DCD-486A-B7D2-42492F6FF98A}.Debug|ARM.Deploy.0 = Debug|Any CPU
		{1A837911-1DCD-486A-B7D2-42492F6FF98A}.Debug|iPhone.ActiveCfg = Debug|Any CPU
		{1A837911-1DCD-486A-B7D2-42492F6FF98A}.Debug|iPhone.Build.0 = Debug|Any CPU
		{1A837911-1DCD-486A-B7D2-42492F6FF98A}.Debug|iPhone.Deploy.0 = Debug|Any CPU
		{1A837911-1DCD-486A-B7D2-42492F6FF98A}.Debug|iPhoneSimulator.ActiveCfg = Debug|Any CPU
		{1A837911-1DCD-486A-B7D2-42492F6FF98A}.Debug|iPhoneSimulator.Build.0 = Debug|Any CPU
		{1A837911-1DCD-486A-B7D2-42492F6FF98A}.Debug|iPhoneSimulator.Deploy.0 = Debug|Any CPU
		{1A837911-1DCD-486A-B7D2-42492F6FF98A}.Debug|x64.ActiveCfg = Debug|Any CPU
		{1A837911-1DCD-486A-B7D2-42492F6FF98A}.Debug|x64.Build.0 = Debug|Any CPU
		{1A837911-1DCD-486A-B7D2-42492F6FF98A}.Debug|x64.Deploy.0 = Debug|Any CPU
		{1A837911-1DCD-486A-B7D2-42492F6FF98A}.Debug|x86.ActiveCfg = Debug|Any CPU
		{1A837911-1DCD-486A-B7D2-42492F6FF98A}.Debug|x86.Build.0 = Debug|Any CPU
		{1A837911-1DCD-486A-B7D2-42492F6FF98A}.Debug|x86.Deploy.0 = Debug|Any CPU
		{1A837911-1DCD-486A-B7D2-42492F6FF98A}.Release|Any CPU.ActiveCfg = Release|Any CPU
		{1A837911-1DCD-486A-B7D2-42492F6FF98A}.Release|Any CPU.Build.0 = Release|Any CPU
		{1A837911-1DCD-486A-B7D2-42492F6FF98A}.Release|Any CPU.Deploy.0 = Release|Any CPU
		{1A837911-1DCD-486A-B7D2-42492F6FF98A}.Release|ARM.ActiveCfg = Release|Any CPU
		{1A837911-1DCD-486A-B7D2-42492F6FF98A}.Release|ARM.Build.0 = Release|Any CPU
		{1A837911-1DCD-486A-B7D2-42492F6FF98A}.Release|ARM.Deploy.0 = Release|Any CPU
		{1A837911-1DCD-486A-B7D2-42492F6FF98A}.Release|iPhone.ActiveCfg = Release|Any CPU
		{1A837911-1DCD-486A-B7D2-42492F6FF98A}.Release|iPhone.Build.0 = Release|Any CPU
		{1A837911-1DCD-486A-B7D2-42492F6FF98A}.Release|iPhone.Deploy.0 = Release|Any CPU
		{1A837911-1DCD-486A-B7D2-42492F6FF98A}.Release|iPhoneSimulator.ActiveCfg = Release|Any CPU
		{1A837911-1DCD-486A-B7D2-42492F6FF98A}.Release|iPhoneSimulator.Build.0 = Release|Any CPU
		{1A837911-1DCD-486A-B7D2-42492F6FF98A}.Release|iPhoneSimulator.Deploy.0 = Release|Any CPU
		{1A837911-1DCD-486A-B7D2-42492F6FF98A}.Release|x64.ActiveCfg = Release|Any CPU
		{1A837911-1DCD-486A-B7D2-42492F6FF98A}.Release|x64.Build.0 = Release|Any CPU
		{1A837911-1DCD-486A-B7D2-42492F6FF98A}.Release|x64.Deploy.0 = Release|Any CPU
		{1A837911-1DCD-486A-B7D2-42492F6FF98A}.Release|x86.ActiveCfg = Release|Any CPU
		{1A837911-1DCD-486A-B7D2-42492F6FF98A}.Release|x86.Build.0 = Release|Any CPU
		{1A837911-1DCD-486A-B7D2-42492F6FF98A}.Release|x86.Deploy.0 = Release|Any CPU
		{6A376B69-0C7B-4166-AD88-661F62212C57}.Debug|Any CPU.ActiveCfg = Debug|iPhone
		{6A376B69-0C7B-4166-AD88-661F62212C57}.Debug|Any CPU.Build.0 = Debug|iPhone
		{6A376B69-0C7B-4166-AD88-661F62212C57}.Debug|Any CPU.Deploy.0 = Debug|iPhone
		{6A376B69-0C7B-4166-AD88-661F62212C57}.Debug|ARM.ActiveCfg = Debug|iPhoneSimulator
		{6A376B69-0C7B-4166-AD88-661F62212C57}.Debug|ARM.Build.0 = Debug|iPhoneSimulator
		{6A376B69-0C7B-4166-AD88-661F62212C57}.Debug|ARM.Deploy.0 = Debug|iPhoneSimulator
		{6A376B69-0C7B-4166-AD88-661F62212C57}.Debug|iPhone.ActiveCfg = Debug|iPhone
		{6A376B69-0C7B-4166-AD88-661F62212C57}.Debug|iPhone.Build.0 = Debug|iPhone
		{6A376B69-0C7B-4166-AD88-661F62212C57}.Debug|iPhone.Deploy.0 = Debug|iPhone
		{6A376B69-0C7B-4166-AD88-661F62212C57}.Debug|iPhoneSimulator.ActiveCfg = Debug|iPhoneSimulator
		{6A376B69-0C7B-4166-AD88-661F62212C57}.Debug|iPhoneSimulator.Build.0 = Debug|iPhoneSimulator
		{6A376B69-0C7B-4166-AD88-661F62212C57}.Debug|iPhoneSimulator.Deploy.0 = Debug|iPhoneSimulator
		{6A376B69-0C7B-4166-AD88-661F62212C57}.Debug|x64.ActiveCfg = Debug|iPhone
		{6A376B69-0C7B-4166-AD88-661F62212C57}.Debug|x64.Build.0 = Debug|iPhone
		{6A376B69-0C7B-4166-AD88-661F62212C57}.Debug|x64.Deploy.0 = Debug|iPhone
		{6A376B69-0C7B-4166-AD88-661F62212C57}.Debug|x86.ActiveCfg = Debug|iPhone
		{6A376B69-0C7B-4166-AD88-661F62212C57}.Debug|x86.Build.0 = Debug|iPhone
		{6A376B69-0C7B-4166-AD88-661F62212C57}.Debug|x86.Deploy.0 = Debug|iPhone
		{6A376B69-0C7B-4166-AD88-661F62212C57}.Release|Any CPU.ActiveCfg = Release|iPhone
		{6A376B69-0C7B-4166-AD88-661F62212C57}.Release|Any CPU.Build.0 = Release|iPhone
		{6A376B69-0C7B-4166-AD88-661F62212C57}.Release|Any CPU.Deploy.0 = Release|iPhone
		{6A376B69-0C7B-4166-AD88-661F62212C57}.Release|ARM.ActiveCfg = Release|iPhone
		{6A376B69-0C7B-4166-AD88-661F62212C57}.Release|ARM.Build.0 = Release|iPhone
		{6A376B69-0C7B-4166-AD88-661F62212C57}.Release|ARM.Deploy.0 = Release|iPhone
		{6A376B69-0C7B-4166-AD88-661F62212C57}.Release|iPhone.ActiveCfg = Release|iPhone
		{6A376B69-0C7B-4166-AD88-661F62212C57}.Release|iPhone.Build.0 = Release|iPhone
		{6A376B69-0C7B-4166-AD88-661F62212C57}.Release|iPhone.Deploy.0 = Release|iPhone
		{6A376B69-0C7B-4166-AD88-661F62212C57}.Release|iPhoneSimulator.ActiveCfg = Release|iPhoneSimulator
		{6A376B69-0C7B-4166-AD88-661F62212C57}.Release|iPhoneSimulator.Build.0 = Release|iPhoneSimulator
		{6A376B69-0C7B-4166-AD88-661F62212C57}.Release|iPhoneSimulator.Deploy.0 = Release|iPhoneSimulator
		{6A376B69-0C7B-4166-AD88-661F62212C57}.Release|x64.ActiveCfg = Release|iPhone
		{6A376B69-0C7B-4166-AD88-661F62212C57}.Release|x64.Build.0 = Release|iPhone
		{6A376B69-0C7B-4166-AD88-661F62212C57}.Release|x64.Deploy.0 = Release|iPhone
		{6A376B69-0C7B-4166-AD88-661F62212C57}.Release|x86.ActiveCfg = Release|iPhone
		{6A376B69-0C7B-4166-AD88-661F62212C57}.Release|x86.Build.0 = Release|iPhone
		{6A376B69-0C7B-4166-AD88-661F62212C57}.Release|x86.Deploy.0 = Release|iPhone
		{87D8E2F9-619B-4D8B-AD01-08C988FB8270}.Debug|Any CPU.ActiveCfg = Debug|Any CPU
		{87D8E2F9-619B-4D8B-AD01-08C988FB8270}.Debug|Any CPU.Build.0 = Debug|Any CPU
		{87D8E2F9-619B-4D8B-AD01-08C988FB8270}.Debug|Any CPU.Deploy.0 = Debug|Any CPU
		{87D8E2F9-619B-4D8B-AD01-08C988FB8270}.Debug|ARM.ActiveCfg = Debug|Any CPU
		{87D8E2F9-619B-4D8B-AD01-08C988FB8270}.Debug|ARM.Build.0 = Debug|Any CPU
		{87D8E2F9-619B-4D8B-AD01-08C988FB8270}.Debug|ARM.Deploy.0 = Debug|Any CPU
		{87D8E2F9-619B-4D8B-AD01-08C988FB8270}.Debug|iPhone.ActiveCfg = Debug|Any CPU
		{87D8E2F9-619B-4D8B-AD01-08C988FB8270}.Debug|iPhone.Build.0 = Debug|Any CPU
		{87D8E2F9-619B-4D8B-AD01-08C988FB8270}.Debug|iPhone.Deploy.0 = Debug|Any CPU
		{87D8E2F9-619B-4D8B-AD01-08C988FB8270}.Debug|iPhoneSimulator.ActiveCfg = Debug|Any CPU
		{87D8E2F9-619B-4D8B-AD01-08C988FB8270}.Debug|iPhoneSimulator.Build.0 = Debug|Any CPU
		{87D8E2F9-619B-4D8B-AD01-08C988FB8270}.Debug|iPhoneSimulator.Deploy.0 = Debug|Any CPU
		{87D8E2F9-619B-4D8B-AD01-08C988FB8270}.Debug|x64.ActiveCfg = Debug|Any CPU
		{87D8E2F9-619B-4D8B-AD01-08C988FB8270}.Debug|x64.Build.0 = Debug|Any CPU
		{87D8E2F9-619B-4D8B-AD01-08C988FB8270}.Debug|x64.Deploy.0 = Debug|Any CPU
		{87D8E2F9-619B-4D8B-AD01-08C988FB8270}.Debug|x86.ActiveCfg = Debug|Any CPU
		{87D8E2F9-619B-4D8B-AD01-08C988FB8270}.Debug|x86.Build.0 = Debug|Any CPU
		{87D8E2F9-619B-4D8B-AD01-08C988FB8270}.Debug|x86.Deploy.0 = Debug|Any CPU
		{87D8E2F9-619B-4D8B-AD01-08C988FB8270}.Release|Any CPU.ActiveCfg = Release|Any CPU
		{87D8E2F9-619B-4D8B-AD01-08C988FB8270}.Release|Any CPU.Build.0 = Release|Any CPU
		{87D8E2F9-619B-4D8B-AD01-08C988FB8270}.Release|Any CPU.Deploy.0 = Release|Any CPU
		{87D8E2F9-619B-4D8B-AD01-08C988FB8270}.Release|ARM.ActiveCfg = Release|Any CPU
		{87D8E2F9-619B-4D8B-AD01-08C988FB8270}.Release|ARM.Build.0 = Release|Any CPU
		{87D8E2F9-619B-4D8B-AD01-08C988FB8270}.Release|ARM.Deploy.0 = Release|Any CPU
		{87D8E2F9-619B-4D8B-AD01-08C988FB8270}.Release|iPhone.ActiveCfg = Release|Any CPU
		{87D8E2F9-619B-4D8B-AD01-08C988FB8270}.Release|iPhone.Build.0 = Release|Any CPU
		{87D8E2F9-619B-4D8B-AD01-08C988FB8270}.Release|iPhone.Deploy.0 = Release|Any CPU
		{87D8E2F9-619B-4D8B-AD01-08C988FB8270}.Release|iPhoneSimulator.ActiveCfg = Release|Any CPU
		{87D8E2F9-619B-4D8B-AD01-08C988FB8270}.Release|iPhoneSimulator.Build.0 = Release|Any CPU
		{87D8E2F9-619B-4D8B-AD01-08C988FB8270}.Release|iPhoneSimulator.Deploy.0 = Release|Any CPU
		{87D8E2F9-619B-4D8B-AD01-08C988FB8270}.Release|x64.ActiveCfg = Release|Any CPU
		{87D8E2F9-619B-4D8B-AD01-08C988FB8270}.Release|x64.Build.0 = Release|Any CPU
		{87D8E2F9-619B-4D8B-AD01-08C988FB8270}.Release|x64.Deploy.0 = Release|Any CPU
		{87D8E2F9-619B-4D8B-AD01-08C988FB8270}.Release|x86.ActiveCfg = Release|Any CPU
		{87D8E2F9-619B-4D8B-AD01-08C988FB8270}.Release|x86.Build.0 = Release|Any CPU
		{87D8E2F9-619B-4D8B-AD01-08C988FB8270}.Release|x86.Deploy.0 = Release|Any CPU
		{C6B4AE22-2A03-4856-95E0-73A802970B37}.Debug|Any CPU.ActiveCfg = Debug|Any CPU
		{C6B4AE22-2A03-4856-95E0-73A802970B37}.Debug|Any CPU.Build.0 = Debug|Any CPU
		{C6B4AE22-2A03-4856-95E0-73A802970B37}.Debug|ARM.ActiveCfg = Debug|Any CPU
		{C6B4AE22-2A03-4856-95E0-73A802970B37}.Debug|ARM.Build.0 = Debug|Any CPU
		{C6B4AE22-2A03-4856-95E0-73A802970B37}.Debug|iPhone.ActiveCfg = Debug|Any CPU
		{C6B4AE22-2A03-4856-95E0-73A802970B37}.Debug|iPhone.Build.0 = Debug|Any CPU
		{C6B4AE22-2A03-4856-95E0-73A802970B37}.Debug|iPhoneSimulator.ActiveCfg = Debug|Any CPU
		{C6B4AE22-2A03-4856-95E0-73A802970B37}.Debug|iPhoneSimulator.Build.0 = Debug|Any CPU
		{C6B4AE22-2A03-4856-95E0-73A802970B37}.Debug|x64.ActiveCfg = Debug|Any CPU
		{C6B4AE22-2A03-4856-95E0-73A802970B37}.Debug|x64.Build.0 = Debug|Any CPU
		{C6B4AE22-2A03-4856-95E0-73A802970B37}.Debug|x86.ActiveCfg = Debug|Any CPU
		{C6B4AE22-2A03-4856-95E0-73A802970B37}.Debug|x86.Build.0 = Debug|Any CPU
		{C6B4AE22-2A03-4856-95E0-73A802970B37}.Release|Any CPU.ActiveCfg = Release|Any CPU
		{C6B4AE22-2A03-4856-95E0-73A802970B37}.Release|Any CPU.Build.0 = Release|Any CPU
		{C6B4AE22-2A03-4856-95E0-73A802970B37}.Release|ARM.ActiveCfg = Release|Any CPU
		{C6B4AE22-2A03-4856-95E0-73A802970B37}.Release|ARM.Build.0 = Release|Any CPU
		{C6B4AE22-2A03-4856-95E0-73A802970B37}.Release|iPhone.ActiveCfg = Release|Any CPU
		{C6B4AE22-2A03-4856-95E0-73A802970B37}.Release|iPhone.Build.0 = Release|Any CPU
		{C6B4AE22-2A03-4856-95E0-73A802970B37}.Release|iPhoneSimulator.ActiveCfg = Release|Any CPU
		{C6B4AE22-2A03-4856-95E0-73A802970B37}.Release|iPhoneSimulator.Build.0 = Release|Any CPU
		{C6B4AE22-2A03-4856-95E0-73A802970B37}.Release|x64.ActiveCfg = Release|Any CPU
		{C6B4AE22-2A03-4856-95E0-73A802970B37}.Release|x64.Build.0 = Release|Any CPU
		{C6B4AE22-2A03-4856-95E0-73A802970B37}.Release|x86.ActiveCfg = Release|Any CPU
		{C6B4AE22-2A03-4856-95E0-73A802970B37}.Release|x86.Build.0 = Release|Any CPU
	EndGlobalSection
	GlobalSection(SolutionProperties) = preSolution
		HideSolutionNode = FALSE
	EndGlobalSection
	GlobalSection(ExtensibilityGlobals) = postSolution
		SolutionGuid = {BCC5E8D9-8E58-411B-8CAB-DDA4F177574E}
	EndGlobalSection
EndGlobal
